
Microsoft Visual Studio Solution File, Format Version 12.00
# Visual Studio Version 17
VisualStudioVersion = 17.3.32819.101
MinimumVisualStudioVersion = 10.0.40219.1
Project("{FAE04EC0-301F-11D3-BF4B-00C04F79EFBC}") = "Adapter", "Adapter.csproj", "{92ECD374-4DF6-4444-8B31-11538AA82234}"
EndProject
Global
	GlobalSection(SolutionConfigurationPlatforms) = preSolution
		Debug|Any CPU = Debug|Any CPU
		Release|Any CPU = Release|Any CPU
	EndGlobalSection
	GlobalSection(ProjectConfigurationPlatforms) = postSolution
		{92ECD374-4DF6-4444-8B31-11538AA82234}.Debug|Any CPU.ActiveCfg = Debug|Any CPU
		{92ECD374-4DF6-4444-8B31-11538AA82234}.Debug|Any CPU.Build.0 = Debug|Any CPU
		{92ECD374-4DF6-4444-8B31-11538AA82234}.Release|Any CPU.ActiveCfg = Release|Any CPU
		{92ECD374-4DF6-4444-8B31-11538AA82234}.Release|Any CPU.Build.0 = Release|Any CPU
	EndGlobalSection
	GlobalSection(SolutionProperties) = preSolution
		HideSolutionNode = FALSE
	EndGlobalSection
	GlobalSection(ExtensibilityGlobals) = postSolution
		SolutionGuid = {4EEFB51A-3B33-42FD-B049-91C2981D2D10}
	EndGlobalSection
EndGlobal
